// !$*UTF8*$!
{
	archiveVersion = 1;
	classes = {
	};
	objectVersion = 46;
	objects = {

/* Begin PBXBuildFile section */
		4CB2877514BCF648005C47A9 /* UIKit.framework in Frameworks */ = {isa = PBXBuildFile; fileRef = 4CB2877414BCF648005C47A9 /* UIKit.framework */; };
		4CB2877714BCF648005C47A9 /* Foundation.framework in Frameworks */ = {isa = PBXBuildFile; fileRef = 4CB2877614BCF648005C47A9 /* Foundation.framework */; };
		4CB2877914BCF648005C47A9 /* CoreGraphics.framework in Frameworks */ = {isa = PBXBuildFile; fileRef = 4CB2877814BCF648005C47A9 /* CoreGraphics.framework */; };
		4CB2877B14BCF648005C47A9 /* CoreData.framework in Frameworks */ = {isa = PBXBuildFile; fileRef = 4CB2877A14BCF648005C47A9 /* CoreData.framework */; };
		4CB2878114BCF648005C47A9 /* InfoPlist.strings in Resources */ = {isa = PBXBuildFile; fileRef = 4CB2877F14BCF648005C47A9 /* InfoPlist.strings */; };
		4CB2878314BCF648005C47A9 /* main.m in Sources */ = {isa = PBXBuildFile; fileRef = 4CB2878214BCF648005C47A9 /* main.m */; };
		4CB2878714BCF648005C47A9 /* AppDelegate.m in Sources */ = {isa = PBXBuildFile; fileRef = 4CB2878614BCF648005C47A9 /* AppDelegate.m */; };
		4CB2878A14BCF648005C47A9 /* MainStoryboard_iPhone.storyboard in Resources */ = {isa = PBXBuildFile; fileRef = 4CB2878814BCF648005C47A9 /* MainStoryboard_iPhone.storyboard */; };
		4CB2878D14BCF648005C47A9 /* MainStoryboard_iPad.storyboard in Resources */ = {isa = PBXBuildFile; fileRef = 4CB2878B14BCF648005C47A9 /* MainStoryboard_iPad.storyboard */; };
		4CB2879014BCF648005C47A9 /* Contacts.xcdatamodeld in Sources */ = {isa = PBXBuildFile; fileRef = 4CB2878E14BCF648005C47A9 /* Contacts.xcdatamodeld */; };
		4CB2879314BCF648005C47A9 /* MasterViewController.m in Sources */ = {isa = PBXBuildFile; fileRef = 4CB2879214BCF648005C47A9 /* MasterViewController.m */; };
		4CB2879614BCF648005C47A9 /* DetailViewController.m in Sources */ = {isa = PBXBuildFile; fileRef = 4CB2879514BCF648005C47A9 /* DetailViewController.m */; };
/* End PBXBuildFile section */

/* Begin PBXFileReference section */
		4CB2877014BCF648005C47A9 /* Contacts.app */ = {isa = PBXFileReference; explicitFileType = wrapper.application; includeInIndex = 0; path = Contacts.app; sourceTree = BUILT_PRODUCTS_DIR; };
		4CB2877414BCF648005C47A9 /* UIKit.framework */ = {isa = PBXFileReference; lastKnownFileType = wrapper.framework; name = UIKit.framework; path = System/Library/Frameworks/UIKit.framework; sourceTree = SDKROOT; };
		4CB2877614BCF648005C47A9 /* Foundation.framework */ = {isa = PBXFileReference; lastKnownFileType = wrapper.framework; name = Foundation.framework; path = System/Library/Frameworks/Foundation.framework; sourceTree = SDKROOT; };
		4CB2877814BCF648005C47A9 /* CoreGraphics.framework */ = {isa = PBXFileReference; lastKnownFileType = wrapper.framework; name = CoreGraphics.framework; path = System/Library/Frameworks/CoreGraphics.framework; sourceTree = SDKROOT; };
		4CB2877A14BCF648005C47A9 /* CoreData.framework */ = {isa = PBXFileReference; lastKnownFileType = wrapper.framework; name = CoreData.framework; path = System/Library/Frameworks/CoreData.framework; sourceTree = SDKROOT; };
		4CB2877E14BCF648005C47A9 /* Contacts-Info.plist */ = {isa = PBXFileReference; path = "Contacts-Info.plist"; sourceTree = "<group>"; };
		4CB2878014BCF648005C47A9 /* en */ = {isa = PBXFileReference; lastKnownFileType = text.plist.strings; name = en; path = en.lproj/InfoPlist.strings; sourceTree = "<group>"; };
		4CB2878214BCF648005C47A9 /* main.m */ = {isa = PBXFileReference; lastKnownFileType = sourcecode.c.objc; path = main.m; sourceTree = "<group>"; };
		4CB2878414BCF648005C47A9 /* Contacts-Prefix.pch */ = {isa = PBXFileReference; path = "Contacts-Prefix.pch"; sourceTree = "<group>"; };
		4CB2878514BCF648005C47A9 /* AppDelegate.h */ = {isa = PBXFileReference; path = AppDelegate.h; sourceTree = "<group>"; };
		4CB2878614BCF648005C47A9 /* AppDelegate.m */ = {isa = PBXFileReference; lastKnownFileType = sourcecode.c.objc; path = AppDelegate.m; sourceTree = "<group>"; };
		4CB2878914BCF648005C47A9 /* en */ = {isa = PBXFileReference; lastKnownFileType = file.storyboard; name = en; path = en.lproj/MainStoryboard_iPhone.storyboard; sourceTree = "<group>"; };
		4CB2878C14BCF648005C47A9 /* en */ = {isa = PBXFileReference; lastKnownFileType = file.storyboard; name = en; path = en.lproj/MainStoryboard_iPad.storyboard; sourceTree = "<group>"; };
		4CB2878F14BCF648005C47A9 /* Contacts.xcdatamodel */ = {isa = PBXFileReference; lastKnownFileType = wrapper.xcdatamodel; path = Contacts.xcdatamodel; sourceTree = "<group>"; };
		4CB2879114BCF648005C47A9 /* MasterViewController.h */ = {isa = PBXFileReference; path = MasterViewController.h; sourceTree = "<group>"; };
		4CB2879214BCF648005C47A9 /* MasterViewController.m */ = {isa = PBXFileReference; lastKnownFileType = sourcecode.c.objc; path = MasterViewController.m; sourceTree = "<group>"; };
		4CB2879414BCF648005C47A9 /* DetailViewController.h */ = {isa = PBXFileReference; path = DetailViewController.h; sourceTree = "<group>"; };
		4CB2879514BCF648005C47A9 /* DetailViewController.m */ = {isa = PBXFileReference; lastKnownFileType = sourcecode.c.objc; path = DetailViewController.m; sourceTree = "<group>"; };
/* End PBXFileReference section */

/* Begin PBXFrameworksBuildPhase section */
		4CB2876D14BCF648005C47A9 /* Frameworks */ = {
			isa = PBXFrameworksBuildPhase;
			buildActionMask = 2147483647;
			files = (
				4CB2877514BCF648005C47A9 /* UIKit.framework in Frameworks */,
				4CB2877714BCF648005C47A9 /* Foundation.framework in Frameworks */,
				4CB2877914BCF648005C47A9 /* CoreGraphics.framework in Frameworks */,
				4CB2877B14BCF648005C47A9 /* CoreData.framework in Frameworks */,
			);
			runOnlyForDeploymentPostprocessing = 0;
		};
/* End PBXFrameworksBuildPhase section */

/* Begin PBXGroup section */
		4CB2876514BCF648005C47A9 = {
			isa = PBXGroup;
			children = (
				4CB2877C14BCF648005C47A9 /* Contacts */,
				4CB2877314BCF648005C47A9 /* Frameworks */,
				4CB2877114BCF648005C47A9 /* Products */,
			);
			sourceTree = "<group>";
		};
		4CB2877114BCF648005C47A9 /* Products */ = {
			isa = PBXGroup;
			children = (
				4CB2877014BCF648005C47A9 /* Contacts.app */,
			);
			name = Products;
			sourceTree = "<group>";
		};
		4CB2877314BCF648005C47A9 /* Frameworks */ = {
			isa = PBXGroup;
			children = (
				4CB2877414BCF648005C47A9 /* UIKit.framework */,
				4CB2877614BCF648005C47A9 /* Foundation.framework */,
				4CB2877814BCF648005C47A9 /* CoreGraphics.framework */,
				4CB2877A14BCF648005C47A9 /* CoreData.framework */,
			);
			name = Frameworks;
			sourceTree = "<group>";
		};
		4CB2877C14BCF648005C47A9 /* Contacts */ = {
			isa = PBXGroup;
			children = (
				4CB2878514BCF648005C47A9 /* AppDelegate.h */,
				4CB2878614BCF648005C47A9 /* AppDelegate.m */,
				4CB2878814BCF648005C47A9 /* MainStoryboard_iPhone.storyboard */,
				4CB2878B14BCF648005C47A9 /* MainStoryboard_iPad.storyboard */,
				4CB2879114BCF648005C47A9 /* MasterViewController.h */,
				4CB2879214BCF648005C47A9 /* MasterViewController.m */,
				4CB2879414BCF648005C47A9 /* DetailViewController.h */,
				4CB2879514BCF648005C47A9 /* DetailViewController.m */,
				4CB2878E14BCF648005C47A9 /* Contacts.xcdatamodeld */,
				4CB2877D14BCF648005C47A9 /* Supporting Files */,
			);
			path = Contacts;
			sourceTree = "<group>";
		};
		4CB2877D14BCF648005C47A9 /* Supporting Files */ = {
			isa = PBXGroup;
			children = (
				4CB2877E14BCF648005C47A9 /* Contacts-Info.plist */,
				4CB2877F14BCF648005C47A9 /* InfoPlist.strings */,
				4CB2878214BCF648005C47A9 /* main.m */,
				4CB2878414BCF648005C47A9 /* Contacts-Prefix.pch */,
			);
			name = "Supporting Files";
			sourceTree = "<group>";
		};
/* End PBXGroup section */

/* Begin PBXNativeTarget section */
		4CB2876F14BCF648005C47A9 /* Contacts */ = {
			isa = PBXNativeTarget;
			buildConfigurationList = 4CB2879914BCF648005C47A9 /* Build configuration list for PBXNativeTarget "Contacts" */;
			buildPhases = (
				4CB2876C14BCF648005C47A9 /* Sources */,
				4CB2876D14BCF648005C47A9 /* Frameworks */,
				4CB2876E14BCF648005C47A9 /* Resources */,
			);
			buildRules = (
			);
			dependencies = (
			);
			name = Contacts;
			productName = Contacts;
			productReference = 4CB2877014BCF648005C47A9 /* Contacts.app */;
			productType = "com.apple.product-type.application";
		};
/* End PBXNativeTarget section */

/* Begin PBXProject section */
		4CB2876714BCF648005C47A9 /* Project object */ = {
			isa = PBXProject;
			attributes = {
				LastUpgradeCheck = 0420;
				ORGANIZATIONNAME = Geni.com;
			};
			buildConfigurationList = 4CB2876A14BCF648005C47A9 /* Build configuration list for PBXProject "Contacts" */;
			compatibilityVersion = "Xcode 3.2";
			developmentRegion = English;
			hasScannedForEncodings = 0;
			knownRegions = (
				en,
			);
			mainGroup = 4CB2876514BCF648005C47A9;
			productRefGroup = 4CB2877114BCF648005C47A9 /* Products */;
			projectDirPath = "";
			projectRoot = "";
			targets = (
				4CB2876F14BCF648005C47A9 /* Contacts */,
			);
		};
/* End PBXProject section */

/* Begin PBXResourcesBuildPhase section */
		4CB2876E14BCF648005C47A9 /* Resources */ = {
			isa = PBXResourcesBuildPhase;
			buildActionMask = 2147483647;
			files = (
				4CB2878114BCF648005C47A9 /* InfoPlist.strings in Resources */,
				4CB2878A14BCF648005C47A9 /* MainStoryboard_iPhone.storyboard in Resources */,
				4CB2878D14BCF648005C47A9 /* MainStoryboard_iPad.storyboard in Resources */,
			);
			runOnlyForDeploymentPostprocessing = 0;
		};
/* End PBXResourcesBuildPhase section */

/* Begin PBXSourcesBuildPhase section */
		4CB2876C14BCF648005C47A9 /* Sources */ = {
			isa = PBXSourcesBuildPhase;
			buildActionMask = 2147483647;
			files = (
				4CB2878314BCF648005C47A9 /* main.m in Sources */,
				4CB2878714BCF648005C47A9 /* AppDelegate.m in Sources */,
				4CB2879014BCF648005C47A9 /* Contacts.xcdatamodeld in Sources */,
				4CB2879314BCF648005C47A9 /* MasterViewController.m in Sources */,
				4CB2879614BCF648005C47A9 /* DetailViewController.m in Sources */,
			);
			runOnlyForDeploymentPostprocessing = 0;
		};
/* End PBXSourcesBuildPhase section */

/* Begin PBXVariantGroup section */
		4CB2877F14BCF648005C47A9 /* InfoPlist.strings */ = {
			isa = PBXVariantGroup;
			children = (
				4CB2878014BCF648005C47A9 /* en */,
			);
			name = InfoPlist.strings;
			sourceTree = "<group>";
		};
		4CB2878814BCF648005C47A9 /* MainStoryboard_iPhone.storyboard */ = {
			isa = PBXVariantGroup;
			children = (
				4CB2878914BCF648005C47A9 /* en */,
			);
			name = MainStoryboard_iPhone.storyboard;
			sourceTree = "<group>";
		};
		4CB2878B14BCF648005C47A9 /* MainStoryboard_iPad.storyboard */ = {
			isa = PBXVariantGroup;
			children = (
				4CB2878C14BCF648005C47A9 /* en */,
			);
			name = MainStoryboard_iPad.storyboard;
			sourceTree = "<group>";
		};
/* End PBXVariantGroup section */

/* Begin XCBuildConfiguration section */
		4CB2879714BCF648005C47A9 /* Debug */ = {
			isa = XCBuildConfiguration;
			buildSettings = {
				ALWAYS_SEARCH_USER_PATHS = NO;
				ARCHS = "$(ARCHS_STANDARD_32_BIT)";
				CLANG_ENABLE_OBJC_ARC = YES;
				"CODE_SIGN_IDENTITY[sdk=iphoneos*]" = "iPhone Developer";
				COPY_PHASE_STRIP = NO;
				GCC_C_LANGUAGE_STANDARD = gnu99;
				GCC_DYNAMIC_NO_PIC = NO;
				GCC_OPTIMIZATION_LEVEL = 0;
				GCC_PREPROCESSOR_DEFINITIONS = (
					"DEBUG=1",
					"$(inherited)",
				);
				GCC_SYMBOLS_PRIVATE_EXTERN = NO;
				GCC_VERSION = com.apple.compilers.llvm.clang.1_0;
				GCC_WARN_ABOUT_MISSING_PROTOTYPES = YES;
				GCC_WARN_ABOUT_RETURN_TYPE = YES;
				GCC_WARN_UNUSED_VARIABLE = YES;
				IPHONEOS_DEPLOYMENT_TARGET = 5.0;
				SDKROOT = iphoneos;
				TARGETED_DEVICE_FAMILY = "1,2";
			};
			name = Debug;
		};
		4CB2879814BCF648005C47A9 /* Release */ = {
			isa = XCBuildConfiguration;
			buildSettings = {
				ALWAYS_SEARCH_USER_PATHS = NO;
				ARCHS = "$(ARCHS_STANDARD_32_BIT)";
				CLANG_ENABLE_OBJC_ARC = YES;
				"CODE_SIGN_IDENTITY[sdk=iphoneos*]" = "iPhone Developer";
				COPY_PHASE_STRIP = YES;
				GCC_C_LANGUAGE_STANDARD = gnu99;
				GCC_VERSION = com.apple.compilers.llvm.clang.1_0;
				GCC_WARN_ABOUT_MISSING_PROTOTYPES = YES;
				GCC_WARN_ABOUT_RETURN_TYPE = YES;
				GCC_WARN_UNUSED_VARIABLE = YES;
				IPHONEOS_DEPLOYMENT_TARGET = 5.0;
				OTHER_CFLAGS = "-DNS_BLOCK_ASSERTIONS=1";
				SDKROOT = iphoneos;
				TARGETED_DEVICE_FAMILY = "1,2";
				VALIDATE_PRODUCT = YES;
			};
			name = Release;
		};
		4CB2879A14BCF648005C47A9 /* Debug */ = {
			isa = XCBuildConfiguration;
			buildSettings = {
				GCC_PRECOMPILE_PREFIX_HEADER = YES;
				GCC_PREFIX_HEADER = "Contacts/Contacts-Prefix.pch";
				INFOPLIST_FILE = "Contacts/Contacts-Info.plist";
				PRODUCT_NAME = "$(TARGET_NAME)";
				WRAPPER_EXTENSION = app;
			};
			name = Debug;
		};
		4CB2879B14BCF648005C47A9 /* Release */ = {
			isa = XCBuildConfiguration;
			buildSettings = {
				GCC_PRECOMPILE_PREFIX_HEADER = YES;
				GCC_PREFIX_HEADER = "Contacts/Contacts-Prefix.pch";
				INFOPLIST_FILE = "Contacts/Contacts-Info.plist";
				PRODUCT_NAME = "$(TARGET_NAME)";
				WRAPPER_EXTENSION = app;
			};
			name = Release;
		};
/* End XCBuildConfiguration section */

/* Begin XCConfigurationList section */
		4CB2876A14BCF648005C47A9 /* Build configuration list for PBXProject "Contacts" */ = {
			isa = XCConfigurationList;
			buildConfigurations = (
				4CB2879714BCF648005C47A9 /* Debug */,
				4CB2879814BCF648005C47A9 /* Release */,
			);
			defaultConfigurationIsVisible = 0;
			defaultConfigurationName = Release;
		};
		4CB2879914BCF648005C47A9 /* Build configuration list for PBXNativeTarget "Contacts" */ = {
			isa = XCConfigurationList;
			buildConfigurations = (
				4CB2879A14BCF648005C47A9 /* Debug */,
				4CB2879B14BCF648005C47A9 /* Release */,
			);
			defaultConfigurationIsVisible = 0;
		};
/* End XCConfigurationList section */

/* Begin XCVersionGroup section */
		4CB2878E14BCF648005C47A9 /* Contacts.xcdatamodeld */ = {
			isa = XCVersionGroup;
			children = (
				4CB2878F14BCF648005C47A9 /* Contacts.xcdatamodel */,
			);
			currentVersion = 4CB2878F14BCF648005C47A9 /* Contacts.xcdatamodel */;
			path = Contacts.xcdatamodeld;
			sourceTree = "<group>";
			versionGroupType = wrapper.xcdatamodel;
		};
/* End XCVersionGroup section */
	};
	rootObject = 4CB2876714BCF648005C47A9 /* Project object */;
}
